
Microsoft Visual Studio Solution File, Format Version 12.00
# Visual Studio Version 16
VisualStudioVersion = 16.0.29509.3
MinimumVisualStudioVersion = 10.0.40219.1
Project("{9A19103F-16F7-4668-BE54-9A1E7A4F7556}") = "CBP.Main", "CBP.Main\CBP.Main.csproj", "{BD382FEF-9B14-4D93-BB13-8EC5A977A202}"
EndProject
Project("{9A19103F-16F7-4668-BE54-9A1E7A4F7556}") = "CBP.BaseServices", "CBP.BaseServices\CBP.BaseServices.csproj", "{406B3FB3-5E66-4FE7-A418-0A3262094E50}"
EndProject
Project("{9A19103F-16F7-4668-BE54-9A1E7A4F7556}") = "CBP.Models", "CBP.Models\CBP.Models.csproj", "{FF26AC5F-5BD2-4A6B-A58E-FD7E9BD9835E}"
EndProject
Project("{9A19103F-16F7-4668-BE54-9A1E7A4F7556}") = "CBP.UserModels", "CBP.UserModels\CBP.UserModels.csproj", "{B0B9911B-5566-41F4-8ED6-978C939522A4}"
EndProject
Project("{9A19103F-16F7-4668-BE54-9A1E7A4F7556}") = "CBP.UserServices", "CBP.UserServices\CBP.UserServices.csproj", "{BA87A2BF-8832-488F-B28D-887CDFEC0B5D}"
EndProject
Project("{2150E333-8FDC-42A3-9474-1A3956D46DE8}") = "Public", "Public", "{7EBF59F3-D7C5-445C-A2A2-CE99BC6F8351}"
EndProject
Project("{9A19103F-16F7-4668-BE54-9A1E7A4F7556}") = "Public.Common", "Public.Common\Public.Common.csproj", "{84DD1802-0530-4A6E-948C-8311F2770049}"
EndProject
Project("{9A19103F-16F7-4668-BE54-9A1E7A4F7556}") = "Public.DbHelper", "Public.DbHelper\Public.DbHelper.csproj", "{70E08F00-EB7E-4B3D-B59A-58228E3F4677}"
EndProject
Project("{9A19103F-16F7-4668-BE54-9A1E7A4F7556}") = "Pulice.Logger", "Pulice.Logger\Pulice.Logger.csproj", "{F132B91D-6402-4E7F-B99B-D6C7F30023B2}"
EndProject
Project("{9A19103F-16F7-4668-BE54-9A1E7A4F7556}") = "Public.Tools", "Public.Tools\Public.Tools.csproj", "{B4651545-3F89-48CA-9055-B3173D3FBA1B}"
EndProject
Project("{2150E333-8FDC-42A3-9474-1A3956D46DE8}") = "Business", "Business", "{346AC03A-6694-4664-B047-5A4E8C96E41F}"
EndProject
Project("{9A19103F-16F7-4668-BE54-9A1E7A4F7556}") = "CBP.Permission.Models", "CBP.Permission.Models\CBP.Permission.Models.csproj", "{289DF570-8208-4035-AA88-91F2FBD84312}"
EndProject
Project("{9A19103F-16F7-4668-BE54-9A1E7A4F7556}") = "CBP.Permission.Services", "CBP.Permission.Services\CBP.Permission.Services.csproj", "{102E003B-840E-417A-8749-41ACD2F0B112}"
EndProject
Project("{2150E333-8FDC-42A3-9474-1A3956D46DE8}") = "Images", "Images", "{B1CFC25C-A926-4BE5-8C8E-665AD7567941}"
EndProject
Project("{9A19103F-16F7-4668-BE54-9A1E7A4F7556}") = "Business.ImageServices", "Business.ImageServices\Business.ImageServices.csproj", "{19C05783-854A-4568-802F-D85F013E15CD}"
EndProject
Project("{9A19103F-16F7-4668-BE54-9A1E7A4F7556}") = "Business.ImageModels", "Business.ImageModels\Business.ImageModels.csproj", "{D6185F26-4C85-46CC-B46C-9E41E9C5315B}"
EndProject
Project("{2150E333-8FDC-42A3-9474-1A3956D46DE8}") = "Permission", "Permission", "{FF2B0133-0521-4E74-BB3D-A99CCD261E0D}"
EndProject
Project("{2150E333-8FDC-42A3-9474-1A3956D46DE8}") = "User", "User", "{F032909E-145A-422A-9223-355423353BFB}"
EndProject
Project("{2150E333-8FDC-42A3-9474-1A3956D46DE8}") = "Location", "Location", "{8F733E2F-7F99-4F53-9675-6134CA85A14A}"
EndProject
Project("{9A19103F-16F7-4668-BE54-9A1E7A4F7556}") = "Business.LocationServices", "Business.LocationServices\Business.LocationServices.csproj", "{E0B467F7-D96E-4EC1-8CAA-0C98BA5036EA}"
EndProject
Project("{9A19103F-16F7-4668-BE54-9A1E7A4F7556}") = "Business.LocationModels", "Business.LocationModels\Business.LocationModels.csproj", "{D53A7649-C532-476A-874A-A41DD30C4DD7}"
EndProject
Project("{2150E333-8FDC-42A3-9474-1A3956D46DE8}") = "Device", "Device", "{17B827D5-15F0-4782-A33E-01106B66E228}"
EndProject
Project("{2150E333-8FDC-42A3-9474-1A3956D46DE8}") = "Farmer", "Farmer", "{BC9C38F0-227B-4D15-95C8-3EC3ACFD5FFD}"
EndProject
Project("{9A19103F-16F7-4668-BE54-9A1E7A4F7556}") = "Business.DeviceModels", "Business.DeviceModels\Business.DeviceModels.csproj", "{17F88762-9F02-4EF1-8C68-4353481E6172}"
EndProject
Project("{9A19103F-16F7-4668-BE54-9A1E7A4F7556}") = "Business.DeviceServices", "Business.DeviceServices\Business.DeviceServices.csproj", "{09B4FB8E-AEC4-4A0F-80FC-4CB2BBA6DBE9}"
EndProject
Project("{2150E333-8FDC-42A3-9474-1A3956D46DE8}") = "Area", "Area", "{A349E55D-87EE-49B8-B078-76163E1D283D}"
EndProject
Project("{FAE04EC0-301F-11D3-BF4B-00C04F79EFBC}") = "Business.AreaServices", "Business.Area\Business.AreaServices.csproj", "{6625A5CA-9E6B-4321-9199-42E1DDBF600D}"
EndProject
Project("{FAE04EC0-301F-11D3-BF4B-00C04F79EFBC}") = "Business.AreaModels", "Business.AreaModels\Business.AreaModels.csproj", "{2D4345FE-AF43-48DD-AEB2-76DC7835865D}"
EndProject
Global
	GlobalSection(SolutionConfigurationPlatforms) = preSolution
		Debug|Any CPU = Debug|Any CPU
		Debug|x64 = Debug|x64
		Debug|x86 = Debug|x86
		Release|Any CPU = Release|Any CPU
		Release|x64 = Release|x64
		Release|x86 = Release|x86
	EndGlobalSection
	GlobalSection(ProjectConfigurationPlatforms) = postSolution
		{BD382FEF-9B14-4D93-BB13-8EC5A977A202}.Debug|Any CPU.ActiveCfg = Debug|Any CPU
		{BD382FEF-9B14-4D93-BB13-8EC5A977A202}.Debug|Any CPU.Build.0 = Debug|Any CPU
		{BD382FEF-9B14-4D93-BB13-8EC5A977A202}.Debug|x64.ActiveCfg = Debug|x64
		{BD382FEF-9B14-4D93-BB13-8EC5A977A202}.Debug|x64.Build.0 = Debug|x64
		{BD382FEF-9B14-4D93-BB13-8EC5A977A202}.Debug|x86.ActiveCfg = Debug|x86
		{BD382FEF-9B14-4D93-BB13-8EC5A977A202}.Debug|x86.Build.0 = Debug|x86
		{BD382FEF-9B14-4D93-BB13-8EC5A977A202}.Release|Any CPU.ActiveCfg = Release|Any CPU
		{BD382FEF-9B14-4D93-BB13-8EC5A977A202}.Release|Any CPU.Build.0 = Release|Any CPU
		{BD382FEF-9B14-4D93-BB13-8EC5A977A202}.Release|x64.ActiveCfg = Release|x64
		{BD382FEF-9B14-4D93-BB13-8EC5A977A202}.Release|x64.Build.0 = Release|x64
		{BD382FEF-9B14-4D93-BB13-8EC5A977A202}.Release|x86.ActiveCfg = Release|x86
		{BD382FEF-9B14-4D93-BB13-8EC5A977A202}.Release|x86.Build.0 = Release|x86
		{406B3FB3-5E66-4FE7-A418-0A3262094E50}.Debug|Any CPU.ActiveCfg = Debug|Any CPU
		{406B3FB3-5E66-4FE7-A418-0A3262094E50}.Debug|Any CPU.Build.0 = Debug|Any CPU
		{406B3FB3-5E66-4FE7-A418-0A3262094E50}.Debug|x64.ActiveCfg = Debug|x64
		{406B3FB3-5E66-4FE7-A418-0A3262094E50}.Debug|x64.Build.0 = Debug|x64
		{406B3FB3-5E66-4FE7-A418-0A3262094E50}.Debug|x86.ActiveCfg = Debug|x86
		{406B3FB3-5E66-4FE7-A418-0A3262094E50}.Debug|x86.Build.0 = Debug|x86
		{406B3FB3-5E66-4FE7-A418-0A3262094E50}.Release|Any CPU.ActiveCfg = Release|Any CPU
		{406B3FB3-5E66-4FE7-A418-0A3262094E50}.Release|Any CPU.Build.0 = Release|Any CPU
		{406B3FB3-5E66-4FE7-A418-0A3262094E50}.Release|x64.ActiveCfg = Release|x64
		{406B3FB3-5E66-4FE7-A418-0A3262094E50}.Release|x64.Build.0 = Release|x64
		{406B3FB3-5E66-4FE7-A418-0A3262094E50}.Release|x86.ActiveCfg = Release|x86
		{406B3FB3-5E66-4FE7-A418-0A3262094E50}.Release|x86.Build.0 = Release|x86
		{FF26AC5F-5BD2-4A6B-A58E-FD7E9BD9835E}.Debug|Any CPU.ActiveCfg = Debug|Any CPU
		{FF26AC5F-5BD2-4A6B-A58E-FD7E9BD9835E}.Debug|Any CPU.Build.0 = Debug|Any CPU
		{FF26AC5F-5BD2-4A6B-A58E-FD7E9BD9835E}.Debug|x64.ActiveCfg = Debug|x64
		{FF26AC5F-5BD2-4A6B-A58E-FD7E9BD9835E}.Debug|x64.Build.0 = Debug|x64
		{FF26AC5F-5BD2-4A6B-A58E-FD7E9BD9835E}.Debug|x86.ActiveCfg = Debug|x86
		{FF26AC5F-5BD2-4A6B-A58E-FD7E9BD9835E}.Debug|x86.Build.0 = Debug|x86
		{FF26AC5F-5BD2-4A6B-A58E-FD7E9BD9835E}.Release|Any CPU.ActiveCfg = Release|Any CPU
		{FF26AC5F-5BD2-4A6B-A58E-FD7E9BD9835E}.Release|Any CPU.Build.0 = Release|Any CPU
		{FF26AC5F-5BD2-4A6B-A58E-FD7E9BD9835E}.Release|x64.ActiveCfg = Release|x64
		{FF26AC5F-5BD2-4A6B-A58E-FD7E9BD9835E}.Release|x64.Build.0 = Release|x64
		{FF26AC5F-5BD2-4A6B-A58E-FD7E9BD9835E}.Release|x86.ActiveCfg = Release|x86
		{FF26AC5F-5BD2-4A6B-A58E-FD7E9BD9835E}.Release|x86.Build.0 = Release|x86
		{B0B9911B-5566-41F4-8ED6-978C939522A4}.Debug|Any CPU.ActiveCfg = Debug|Any CPU
		{B0B9911B-5566-41F4-8ED6-978C939522A4}.Debug|Any CPU.Build.0 = Debug|Any CPU
		{B0B9911B-5566-41F4-8ED6-978C939522A4}.Debug|x64.ActiveCfg = Debug|x64
		{B0B9911B-5566-41F4-8ED6-978C939522A4}.Debug|x64.Build.0 = Debug|x64
		{B0B9911B-5566-41F4-8ED6-978C939522A4}.Debug|x86.ActiveCfg = Debug|x86
		{B0B9911B-5566-41F4-8ED6-978C939522A4}.Debug|x86.Build.0 = Debug|x86
		{B0B9911B-5566-41F4-8ED6-978C939522A4}.Release|Any CPU.ActiveCfg = Release|Any CPU
		{B0B9911B-5566-41F4-8ED6-978C939522A4}.Release|Any CPU.Build.0 = Release|Any CPU
		{B0B9911B-5566-41F4-8ED6-978C939522A4}.Release|x64.ActiveCfg = Release|x64
		{B0B9911B-5566-41F4-8ED6-978C939522A4}.Release|x64.Build.0 = Release|x64
		{B0B9911B-5566-41F4-8ED6-978C939522A4}.Release|x86.ActiveCfg = Release|x86
		{B0B9911B-5566-41F4-8ED6-978C939522A4}.Release|x86.Build.0 = Release|x86
		{BA87A2BF-8832-488F-B28D-887CDFEC0B5D}.Debug|Any CPU.ActiveCfg = Debug|Any CPU
		{BA87A2BF-8832-488F-B28D-887CDFEC0B5D}.Debug|Any CPU.Build.0 = Debug|Any CPU
		{BA87A2BF-8832-488F-B28D-887CDFEC0B5D}.Debug|x64.ActiveCfg = Debug|x64
		{BA87A2BF-8832-488F-B28D-887CDFEC0B5D}.Debug|x64.Build.0 = Debug|x64
		{BA87A2BF-8832-488F-B28D-887CDFEC0B5D}.Debug|x86.ActiveCfg = Debug|x86
		{BA87A2BF-8832-488F-B28D-887CDFEC0B5D}.Debug|x86.Build.0 = Debug|x86
		{BA87A2BF-8832-488F-B28D-887CDFEC0B5D}.Release|Any CPU.ActiveCfg = Release|Any CPU
		{BA87A2BF-8832-488F-B28D-887CDFEC0B5D}.Release|Any CPU.Build.0 = Release|Any CPU
		{BA87A2BF-8832-488F-B28D-887CDFEC0B5D}.Release|x64.ActiveCfg = Release|x64
		{BA87A2BF-8832-488F-B28D-887CDFEC0B5D}.Release|x64.Build.0 = Release|x64
		{BA87A2BF-8832-488F-B28D-887CDFEC0B5D}.Release|x86.ActiveCfg = Release|x86
		{BA87A2BF-8832-488F-B28D-887CDFEC0B5D}.Release|x86.Build.0 = Release|x86
		{84DD1802-0530-4A6E-948C-8311F2770049}.Debug|Any CPU.ActiveCfg = Debug|Any CPU
		{84DD1802-0530-4A6E-948C-8311F2770049}.Debug|Any CPU.Build.0 = Debug|Any CPU
		{84DD1802-0530-4A6E-948C-8311F2770049}.Debug|x64.ActiveCfg = Debug|x64
		{84DD1802-0530-4A6E-948C-8311F2770049}.Debug|x64.Build.0 = Debug|x64
		{84DD1802-0530-4A6E-948C-8311F2770049}.Debug|x86.ActiveCfg = Debug|x86
		{84DD1802-0530-4A6E-948C-8311F2770049}.Debug|x86.Build.0 = Debug|x86
		{84DD1802-0530-4A6E-948C-8311F2770049}.Release|Any CPU.ActiveCfg = Release|Any CPU
		{84DD1802-0530-4A6E-948C-8311F2770049}.Release|Any CPU.Build.0 = Release|Any CPU
		{84DD1802-0530-4A6E-948C-8311F2770049}.Release|x64.ActiveCfg = Release|x64
		{84DD1802-0530-4A6E-948C-8311F2770049}.Release|x64.Build.0 = Release|x64
		{84DD1802-0530-4A6E-948C-8311F2770049}.Release|x86.ActiveCfg = Release|x86
		{84DD1802-0530-4A6E-948C-8311F2770049}.Release|x86.Build.0 = Release|x86
		{70E08F00-EB7E-4B3D-B59A-58228E3F4677}.Debug|Any CPU.ActiveCfg = Debug|Any CPU
		{70E08F00-EB7E-4B3D-B59A-58228E3F4677}.Debug|Any CPU.Build.0 = Debug|Any CPU
		{70E08F00-EB7E-4B3D-B59A-58228E3F4677}.Debug|x64.ActiveCfg = Debug|x64
		{70E08F00-EB7E-4B3D-B59A-58228E3F4677}.Debug|x64.Build.0 = Debug|x64
		{70E08F00-EB7E-4B3D-B59A-58228E3F4677}.Debug|x86.ActiveCfg = Debug|x86
		{70E08F00-EB7E-4B3D-B59A-58228E3F4677}.Debug|x86.Build.0 = Debug|x86
		{70E08F00-EB7E-4B3D-B59A-58228E3F4677}.Release|Any CPU.ActiveCfg = Release|Any CPU
		{70E08F00-EB7E-4B3D-B59A-58228E3F4677}.Release|Any CPU.Build.0 = Release|Any CPU
		{70E08F00-EB7E-4B3D-B59A-58228E3F4677}.Release|x64.ActiveCfg = Release|x64
		{70E08F00-EB7E-4B3D-B59A-58228E3F4677}.Release|x64.Build.0 = Release|x64
		{70E08F00-EB7E-4B3D-B59A-58228E3F4677}.Release|x86.ActiveCfg = Release|x86
		{70E08F00-EB7E-4B3D-B59A-58228E3F4677}.Release|x86.Build.0 = Release|x86
		{F132B91D-6402-4E7F-B99B-D6C7F30023B2}.Debug|Any CPU.ActiveCfg = Debug|Any CPU
		{F132B91D-6402-4E7F-B99B-D6C7F30023B2}.Debug|Any CPU.Build.0 = Debug|Any CPU
		{F132B91D-6402-4E7F-B99B-D6C7F30023B2}.Debug|x64.ActiveCfg = Debug|x64
		{F132B91D-6402-4E7F-B99B-D6C7F30023B2}.Debug|x64.Build.0 = Debug|x64
		{F132B91D-6402-4E7F-B99B-D6C7F30023B2}.Debug|x86.ActiveCfg = Debug|x86
		{F132B91D-6402-4E7F-B99B-D6C7F30023B2}.Debug|x86.Build.0 = Debug|x86
		{F132B91D-6402-4E7F-B99B-D6C7F30023B2}.Release|Any CPU.ActiveCfg = Release|Any CPU
		{F132B91D-6402-4E7F-B99B-D6C7F30023B2}.Release|Any CPU.Build.0 = Release|Any CPU
		{F132B91D-6402-4E7F-B99B-D6C7F30023B2}.Release|x64.ActiveCfg = Release|x64
		{F132B91D-6402-4E7F-B99B-D6C7F30023B2}.Release|x64.Build.0 = Release|x64
		{F132B91D-6402-4E7F-B99B-D6C7F30023B2}.Release|x86.ActiveCfg = Release|x86
		{F132B91D-6402-4E7F-B99B-D6C7F30023B2}.Release|x86.Build.0 = Release|x86
		{B4651545-3F89-48CA-9055-B3173D3FBA1B}.Debug|Any CPU.ActiveCfg = Debug|Any CPU
		{B4651545-3F89-48CA-9055-B3173D3FBA1B}.Debug|Any CPU.Build.0 = Debug|Any CPU
		{B4651545-3F89-48CA-9055-B3173D3FBA1B}.Debug|x64.ActiveCfg = Debug|x64
		{B4651545-3F89-48CA-9055-B3173D3FBA1B}.Debug|x64.Build.0 = Debug|x64
		{B4651545-3F89-48CA-9055-B3173D3FBA1B}.Debug|x86.ActiveCfg = Debug|x86
		{B4651545-3F89-48CA-9055-B3173D3FBA1B}.Debug|x86.Build.0 = Debug|x86
		{B4651545-3F89-48CA-9055-B3173D3FBA1B}.Release|Any CPU.ActiveCfg = Release|Any CPU
		{B4651545-3F89-48CA-9055-B3173D3FBA1B}.Release|Any CPU.Build.0 = Release|Any CPU
		{B4651545-3F89-48CA-9055-B3173D3FBA1B}.Release|x64.ActiveCfg = Release|x64
		{B4651545-3F89-48CA-9055-B3173D3FBA1B}.Release|x64.Build.0 = Release|x64
		{B4651545-3F89-48CA-9055-B3173D3FBA1B}.Release|x86.ActiveCfg = Release|x86
		{B4651545-3F89-48CA-9055-B3173D3FBA1B}.Release|x86.Build.0 = Release|x86
		{289DF570-8208-4035-AA88-91F2FBD84312}.Debug|Any CPU.ActiveCfg = Debug|Any CPU
		{289DF570-8208-4035-AA88-91F2FBD84312}.Debug|Any CPU.Build.0 = Debug|Any CPU
		{289DF570-8208-4035-AA88-91F2FBD84312}.Debug|x64.ActiveCfg = Debug|x64
		{289DF570-8208-4035-AA88-91F2FBD84312}.Debug|x64.Build.0 = Debug|x64
		{289DF570-8208-4035-AA88-91F2FBD84312}.Debug|x86.ActiveCfg = Debug|x86
		{289DF570-8208-4035-AA88-91F2FBD84312}.Debug|x86.Build.0 = Debug|x86
		{289DF570-8208-4035-AA88-91F2FBD84312}.Release|Any CPU.ActiveCfg = Release|Any CPU
		{289DF570-8208-4035-AA88-91F2FBD84312}.Release|Any CPU.Build.0 = Release|Any CPU
		{289DF570-8208-4035-AA88-91F2FBD84312}.Release|x64.ActiveCfg = Release|x64
		{289DF570-8208-4035-AA88-91F2FBD84312}.Release|x64.Build.0 = Release|x64
		{289DF570-8208-4035-AA88-91F2FBD84312}.Release|x86.ActiveCfg = Release|x86
		{289DF570-8208-4035-AA88-91F2FBD84312}.Release|x86.Build.0 = Release|x86
		{102E003B-840E-417A-8749-41ACD2F0B112}.Debug|Any CPU.ActiveCfg = Debug|Any CPU
		{102E003B-840E-417A-8749-41ACD2F0B112}.Debug|Any CPU.Build.0 = Debug|Any CPU
		{102E003B-840E-417A-8749-41ACD2F0B112}.Debug|x64.ActiveCfg = Debug|x64
		{102E003B-840E-417A-8749-41ACD2F0B112}.Debug|x64.Build.0 = Debug|x64
		{102E003B-840E-417A-8749-41ACD2F0B112}.Debug|x86.ActiveCfg = Debug|x86
		{102E003B-840E-417A-8749-41ACD2F0B112}.Debug|x86.Build.0 = Debug|x86
		{102E003B-840E-417A-8749-41ACD2F0B112}.Release|Any CPU.ActiveCfg = Release|Any CPU
		{102E003B-840E-417A-8749-41ACD2F0B112}.Release|Any CPU.Build.0 = Release|Any CPU
		{102E003B-840E-417A-8749-41ACD2F0B112}.Release|x64.ActiveCfg = Release|x64
		{102E003B-840E-417A-8749-41ACD2F0B112}.Release|x64.Build.0 = Release|x64
		{102E003B-840E-417A-8749-41ACD2F0B112}.Release|x86.ActiveCfg = Release|x86
		{102E003B-840E-417A-8749-41ACD2F0B112}.Release|x86.Build.0 = Release|x86
		{19C05783-854A-4568-802F-D85F013E15CD}.Debug|Any CPU.ActiveCfg = Debug|Any CPU
		{19C05783-854A-4568-802F-D85F013E15CD}.Debug|Any CPU.Build.0 = Debug|Any CPU
		{19C05783-854A-4568-802F-D85F013E15CD}.Debug|x64.ActiveCfg = Debug|x64
		{19C05783-854A-4568-802F-D85F013E15CD}.Debug|x64.Build.0 = Debug|x64
		{19C05783-854A-4568-802F-D85F013E15CD}.Debug|x86.ActiveCfg = Debug|x86
		{19C05783-854A-4568-802F-D85F013E15CD}.Debug|x86.Build.0 = Debug|x86
		{19C05783-854A-4568-802F-D85F013E15CD}.Release|Any CPU.ActiveCfg = Release|Any CPU
		{19C05783-854A-4568-802F-D85F013E15CD}.Release|Any CPU.Build.0 = Release|Any CPU
		{19C05783-854A-4568-802F-D85F013E15CD}.Release|x64.ActiveCfg = Release|x64
		{19C05783-854A-4568-802F-D85F013E15CD}.Release|x64.Build.0 = Release|x64
		{19C05783-854A-4568-802F-D85F013E15CD}.Release|x86.ActiveCfg = Release|x86
		{19C05783-854A-4568-802F-D85F013E15CD}.Release|x86.Build.0 = Release|x86
		{D6185F26-4C85-46CC-B46C-9E41E9C5315B}.Debug|Any CPU.ActiveCfg = Debug|Any CPU
		{D6185F26-4C85-46CC-B46C-9E41E9C5315B}.Debug|Any CPU.Build.0 = Debug|Any CPU
		{D6185F26-4C85-46CC-B46C-9E41E9C5315B}.Debug|x64.ActiveCfg = Debug|x64
		{D6185F26-4C85-46CC-B46C-9E41E9C5315B}.Debug|x64.Build.0 = Debug|x64
		{D6185F26-4C85-46CC-B46C-9E41E9C5315B}.Debug|x86.ActiveCfg = Debug|x86
		{D6185F26-4C85-46CC-B46C-9E41E9C5315B}.Debug|x86.Build.0 = Debug|x86
		{D6185F26-4C85-46CC-B46C-9E41E9C5315B}.Release|Any CPU.ActiveCfg = Release|Any CPU
		{D6185F26-4C85-46CC-B46C-9E41E9C5315B}.Release|Any CPU.Build.0 = Release|Any CPU
		{D6185F26-4C85-46CC-B46C-9E41E9C5315B}.Release|x64.ActiveCfg = Release|x64
		{D6185F26-4C85-46CC-B46C-9E41E9C5315B}.Release|x64.Build.0 = Release|x64
		{D6185F26-4C85-46CC-B46C-9E41E9C5315B}.Release|x86.ActiveCfg = Release|x86
		{D6185F26-4C85-46CC-B46C-9E41E9C5315B}.Release|x86.Build.0 = Release|x86
		{E0B467F7-D96E-4EC1-8CAA-0C98BA5036EA}.Debug|Any CPU.ActiveCfg = Debug|Any CPU
		{E0B467F7-D96E-4EC1-8CAA-0C98BA5036EA}.Debug|Any CPU.Build.0 = Debug|Any CPU
		{E0B467F7-D96E-4EC1-8CAA-0C98BA5036EA}.Debug|x64.ActiveCfg = Debug|Any CPU
		{E0B467F7-D96E-4EC1-8CAA-0C98BA5036EA}.Debug|x64.Build.0 = Debug|Any CPU
		{E0B467F7-D96E-4EC1-8CAA-0C98BA5036EA}.Debug|x86.ActiveCfg = Debug|Any CPU
		{E0B467F7-D96E-4EC1-8CAA-0C98BA5036EA}.Debug|x86.Build.0 = Debug|Any CPU
		{E0B467F7-D96E-4EC1-8CAA-0C98BA5036EA}.Release|Any CPU.ActiveCfg = Release|Any CPU
		{E0B467F7-D96E-4EC1-8CAA-0C98BA5036EA}.Release|Any CPU.Build.0 = Release|Any CPU
		{E0B467F7-D96E-4EC1-8CAA-0C98BA5036EA}.Release|x64.ActiveCfg = Release|Any CPU
		{E0B467F7-D96E-4EC1-8CAA-0C98BA5036EA}.Release|x64.Build.0 = Release|Any CPU
		{E0B467F7-D96E-4EC1-8CAA-0C98BA5036EA}.Release|x86.ActiveCfg = Release|Any CPU
		{E0B467F7-D96E-4EC1-8CAA-0C98BA5036EA}.Release|x86.Build.0 = Release|Any CPU
		{D53A7649-C532-476A-874A-A41DD30C4DD7}.Debug|Any CPU.ActiveCfg = Debug|Any CPU
		{D53A7649-C532-476A-874A-A41DD30C4DD7}.Debug|Any CPU.Build.0 = Debug|Any CPU
		{D53A7649-C532-476A-874A-A41DD30C4DD7}.Debug|x64.ActiveCfg = Debug|Any CPU
		{D53A7649-C532-476A-874A-A41DD30C4DD7}.Debug|x64.Build.0 = Debug|Any CPU
		{D53A7649-C532-476A-874A-A41DD30C4DD7}.Debug|x86.ActiveCfg = Debug|Any CPU
		{D53A7649-C532-476A-874A-A41DD30C4DD7}.Debug|x86.Build.0 = Debug|Any CPU
		{D53A7649-C532-476A-874A-A41DD30C4DD7}.Release|Any CPU.ActiveCfg = Release|Any CPU
		{D53A7649-C532-476A-874A-A41DD30C4DD7}.Release|Any CPU.Build.0 = Release|Any CPU
		{D53A7649-C532-476A-874A-A41DD30C4DD7}.Release|x64.ActiveCfg = Release|Any CPU
		{D53A7649-C532-476A-874A-A41DD30C4DD7}.Release|x64.Build.0 = Release|Any CPU
		{D53A7649-C532-476A-874A-A41DD30C4DD7}.Release|x86.ActiveCfg = Release|Any CPU
		{D53A7649-C532-476A-874A-A41DD30C4DD7}.Release|x86.Build.0 = Release|Any CPU
		{17F88762-9F02-4EF1-8C68-4353481E6172}.Debug|Any CPU.ActiveCfg = Debug|Any CPU
		{17F88762-9F02-4EF1-8C68-4353481E6172}.Debug|Any CPU.Build.0 = Debug|Any CPU
		{17F88762-9F02-4EF1-8C68-4353481E6172}.Debug|x64.ActiveCfg = Debug|Any CPU
		{17F88762-9F02-4EF1-8C68-4353481E6172}.Debug|x64.Build.0 = Debug|Any CPU
		{17F88762-9F02-4EF1-8C68-4353481E6172}.Debug|x86.ActiveCfg = Debug|Any CPU
		{17F88762-9F02-4EF1-8C68-4353481E6172}.Debug|x86.Build.0 = Debug|Any CPU
		{17F88762-9F02-4EF1-8C68-4353481E6172}.Release|Any CPU.ActiveCfg = Release|Any CPU
		{17F88762-9F02-4EF1-8C68-4353481E6172}.Release|Any CPU.Build.0 = Release|Any CPU
		{17F88762-9F02-4EF1-8C68-4353481E6172}.Release|x64.ActiveCfg = Release|Any CPU
		{17F88762-9F02-4EF1-8C68-4353481E6172}.Release|x64.Build.0 = Release|Any CPU
		{17F88762-9F02-4EF1-8C68-4353481E6172}.Release|x86.ActiveCfg = Release|Any CPU
		{17F88762-9F02-4EF1-8C68-4353481E6172}.Release|x86.Build.0 = Release|Any CPU
		{09B4FB8E-AEC4-4A0F-80FC-4CB2BBA6DBE9}.Debug|Any CPU.ActiveCfg = Debug|Any CPU
		{09B4FB8E-AEC4-4A0F-80FC-4CB2BBA6DBE9}.Debug|Any CPU.Build.0 = Debug|Any CPU
		{09B4FB8E-AEC4-4A0F-80FC-4CB2BBA6DBE9}.Debug|x64.ActiveCfg = Debug|Any CPU
		{09B4FB8E-AEC4-4A0F-80FC-4CB2BBA6DBE9}.Debug|x64.Build.0 = Debug|Any CPU
		{09B4FB8E-AEC4-4A0F-80FC-4CB2BBA6DBE9}.Debug|x86.ActiveCfg = Debug|Any CPU
		{09B4FB8E-AEC4-4A0F-80FC-4CB2BBA6DBE9}.Debug|x86.Build.0 = Debug|Any CPU
		{09B4FB8E-AEC4-4A0F-80FC-4CB2BBA6DBE9}.Release|Any CPU.ActiveCfg = Release|Any CPU
		{09B4FB8E-AEC4-4A0F-80FC-4CB2BBA6DBE9}.Release|Any CPU.Build.0 = Release|Any CPU
		{09B4FB8E-AEC4-4A0F-80FC-4CB2BBA6DBE9}.Release|x64.ActiveCfg = Release|Any CPU
		{09B4FB8E-AEC4-4A0F-80FC-4CB2BBA6DBE9}.Release|x64.Build.0 = Release|Any CPU
		{09B4FB8E-AEC4-4A0F-80FC-4CB2BBA6DBE9}.Release|x86.ActiveCfg = Release|Any CPU
		{09B4FB8E-AEC4-4A0F-80FC-4CB2BBA6DBE9}.Release|x86.Build.0 = Release|Any CPU
		{6625A5CA-9E6B-4321-9199-42E1DDBF600D}.Debug|Any CPU.ActiveCfg = Debug|Any CPU
		{6625A5CA-9E6B-4321-9199-42E1DDBF600D}.Debug|Any CPU.Build.0 = Debug|Any CPU
		{6625A5CA-9E6B-4321-9199-42E1DDBF600D}.Debug|x64.ActiveCfg = Debug|Any CPU
		{6625A5CA-9E6B-4321-9199-42E1DDBF600D}.Debug|x64.Build.0 = Debug|Any CPU
		{6625A5CA-9E6B-4321-9199-42E1DDBF600D}.Debug|x86.ActiveCfg = Debug|Any CPU
		{6625A5CA-9E6B-4321-9199-42E1DDBF600D}.Debug|x86.Build.0 = Debug|Any CPU
		{6625A5CA-9E6B-4321-9199-42E1DDBF600D}.Release|Any CPU.ActiveCfg = Release|Any CPU
		{6625A5CA-9E6B-4321-9199-42E1DDBF600D}.Release|Any CPU.Build.0 = Release|Any CPU
		{6625A5CA-9E6B-4321-9199-42E1DDBF600D}.Release|x64.ActiveCfg = Release|Any CPU
		{6625A5CA-9E6B-4321-9199-42E1DDBF600D}.Release|x64.Build.0 = Release|Any CPU
		{6625A5CA-9E6B-4321-9199-42E1DDBF600D}.Release|x86.ActiveCfg = Release|Any CPU
		{6625A5CA-9E6B-4321-9199-42E1DDBF600D}.Release|x86.Build.0 = Release|Any CPU
		{2D4345FE-AF43-48DD-AEB2-76DC7835865D}.Debug|Any CPU.ActiveCfg = Debug|Any CPU
		{2D4345FE-AF43-48DD-AEB2-76DC7835865D}.Debug|Any CPU.Build.0 = Debug|Any CPU
		{2D4345FE-AF43-48DD-AEB2-76DC7835865D}.Debug|x64.ActiveCfg = Debug|Any CPU
		{2D4345FE-AF43-48DD-AEB2-76DC7835865D}.Debug|x64.Build.0 = Debug|Any CPU
		{2D4345FE-AF43-48DD-AEB2-76DC7835865D}.Debug|x86.ActiveCfg = Debug|Any CPU
		{2D4345FE-AF43-48DD-AEB2-76DC7835865D}.Debug|x86.Build.0 = Debug|Any CPU
		{2D4345FE-AF43-48DD-AEB2-76DC7835865D}.Release|Any CPU.ActiveCfg = Release|Any CPU
		{2D4345FE-AF43-48DD-AEB2-76DC7835865D}.Release|Any CPU.Build.0 = Release|Any CPU
		{2D4345FE-AF43-48DD-AEB2-76DC7835865D}.Release|x64.ActiveCfg = Release|Any CPU
		{2D4345FE-AF43-48DD-AEB2-76DC7835865D}.Release|x64.Build.0 = Release|Any CPU
		{2D4345FE-AF43-48DD-AEB2-76DC7835865D}.Release|x86.ActiveCfg = Release|Any CPU
		{2D4345FE-AF43-48DD-AEB2-76DC7835865D}.Release|x86.Build.0 = Release|Any CPU
	EndGlobalSection
	GlobalSection(SolutionProperties) = preSolution
		HideSolutionNode = FALSE
	EndGlobalSection
	GlobalSection(NestedProjects) = preSolution
		{B0B9911B-5566-41F4-8ED6-978C939522A4} = {F032909E-145A-422A-9223-355423353BFB}
		{BA87A2BF-8832-488F-B28D-887CDFEC0B5D} = {F032909E-145A-422A-9223-355423353BFB}
		{84DD1802-0530-4A6E-948C-8311F2770049} = {7EBF59F3-D7C5-445C-A2A2-CE99BC6F8351}
		{70E08F00-EB7E-4B3D-B59A-58228E3F4677} = {7EBF59F3-D7C5-445C-A2A2-CE99BC6F8351}
		{F132B91D-6402-4E7F-B99B-D6C7F30023B2} = {7EBF59F3-D7C5-445C-A2A2-CE99BC6F8351}
		{B4651545-3F89-48CA-9055-B3173D3FBA1B} = {7EBF59F3-D7C5-445C-A2A2-CE99BC6F8351}
		{289DF570-8208-4035-AA88-91F2FBD84312} = {FF2B0133-0521-4E74-BB3D-A99CCD261E0D}
		{102E003B-840E-417A-8749-41ACD2F0B112} = {FF2B0133-0521-4E74-BB3D-A99CCD261E0D}
		{B1CFC25C-A926-4BE5-8C8E-665AD7567941} = {346AC03A-6694-4664-B047-5A4E8C96E41F}
		{19C05783-854A-4568-802F-D85F013E15CD} = {B1CFC25C-A926-4BE5-8C8E-665AD7567941}
		{D6185F26-4C85-46CC-B46C-9E41E9C5315B} = {B1CFC25C-A926-4BE5-8C8E-665AD7567941}
		{FF2B0133-0521-4E74-BB3D-A99CCD261E0D} = {346AC03A-6694-4664-B047-5A4E8C96E41F}
		{F032909E-145A-422A-9223-355423353BFB} = {346AC03A-6694-4664-B047-5A4E8C96E41F}
		{8F733E2F-7F99-4F53-9675-6134CA85A14A} = {346AC03A-6694-4664-B047-5A4E8C96E41F}
		{E0B467F7-D96E-4EC1-8CAA-0C98BA5036EA} = {8F733E2F-7F99-4F53-9675-6134CA85A14A}
		{D53A7649-C532-476A-874A-A41DD30C4DD7} = {8F733E2F-7F99-4F53-9675-6134CA85A14A}
		{17B827D5-15F0-4782-A33E-01106B66E228} = {346AC03A-6694-4664-B047-5A4E8C96E41F}
		{BC9C38F0-227B-4D15-95C8-3EC3ACFD5FFD} = {346AC03A-6694-4664-B047-5A4E8C96E41F}
		{17F88762-9F02-4EF1-8C68-4353481E6172} = {17B827D5-15F0-4782-A33E-01106B66E228}
		{09B4FB8E-AEC4-4A0F-80FC-4CB2BBA6DBE9} = {17B827D5-15F0-4782-A33E-01106B66E228}
		{A349E55D-87EE-49B8-B078-76163E1D283D} = {346AC03A-6694-4664-B047-5A4E8C96E41F}
		{6625A5CA-9E6B-4321-9199-42E1DDBF600D} = {A349E55D-87EE-49B8-B078-76163E1D283D}
		{2D4345FE-AF43-48DD-AEB2-76DC7835865D} = {A349E55D-87EE-49B8-B078-76163E1D283D}
	EndGlobalSection
	GlobalSection(ExtensibilityGlobals) = postSolution
		SolutionGuid = {FC8985B7-50A9-43E7-A8C5-A2B0FF4E7B53}
	EndGlobalSection
EndGlobal
